# THIS IS AN AUTOGENERATED FILE. DO NOT EDIT THIS FILE DIRECTLY.
# yarn lockfile v1


"@algolia/cache-browser-local-storage@4.10.5":
  "integrity" "sha512-cfX2rEKOtuuljcGI5DMDHClwZHdDqd2nT2Ohsc8aHtBiz6bUxKVyIqxr2gaC6tU8AgPtrTVBzcxCA+UavXpKww=="
  "resolved" "https://registry.npmjs.org/@algolia/cache-browser-local-storage/-/cache-browser-local-storage-4.10.5.tgz"
  "version" "4.10.5"
  dependencies:
    "@algolia/cache-common" "4.10.5"

"@algolia/cache-common@4.10.5":
  "integrity" "sha512-1mClwdmTHll+OnHkG+yeRoFM17kSxDs4qXkjf6rNZhoZGXDvfYLy3YcZ1FX4Kyz0DJv8aroq5RYGBDsWkHj6Tw=="
  "resolved" "https://registry.npmjs.org/@algolia/cache-common/-/cache-common-4.10.5.tgz"
  "version" "4.10.5"

"@algolia/cache-in-memory@4.10.5":
  "integrity" "sha512-+ciQnfIGi5wjMk02XhEY8fmy2pzy+oY1nIIfu8LBOglaSipCRAtjk6WhHc7/KIbXPiYzIwuDbM2K1+YOwSGjwA=="
  "resolved" "https://registry.npmjs.org/@algolia/cache-in-memory/-/cache-in-memory-4.10.5.tgz"
  "version" "4.10.5"
  dependencies:
    "@algolia/cache-common" "4.10.5"

"@algolia/client-account@4.10.5":
  "integrity" "sha512-I9UkSS2glXm7RBZYZIALjBMmXSQbw/fI/djPcBHxiwXIheNIlqIFl2SNPkvihpPF979BSkzjqdJNRPhE1vku3Q=="
  "resolved" "https://registry.npmjs.org/@algolia/client-account/-/client-account-4.10.5.tgz"
  "version" "4.10.5"
  dependencies:
    "@algolia/client-common" "4.10.5"
    "@algolia/client-search" "4.10.5"
    "@algolia/transporter" "4.10.5"

"@algolia/client-analytics@4.10.5":
  "integrity" "sha512-h2owwJSkovPxzc+xIsjY1pMl0gj+jdVwP9rcnGjlaTY2fqHbSLrR9yvGyyr6305LvTppxsQnfAbRdE/5Z3eFxw=="
  "resolved" "https://registry.npmjs.org/@algolia/client-analytics/-/client-analytics-4.10.5.tgz"
  "version" "4.10.5"
  dependencies:
    "@algolia/client-common" "4.10.5"
    "@algolia/client-search" "4.10.5"
    "@algolia/requester-common" "4.10.5"
    "@algolia/transporter" "4.10.5"

"@algolia/client-common@4.10.5":
  "integrity" "sha512-21FAvIai5qm8DVmZHm2Gp4LssQ/a0nWwMchAx+1hIRj1TX7OcdW6oZDPyZ8asQdvTtK7rStQrRnD8a95SCUnzA=="
  "resolved" "https://registry.npmjs.org/@algolia/client-common/-/client-common-4.10.5.tgz"
  "version" "4.10.5"
  dependencies:
    "@algolia/requester-common" "4.10.5"
    "@algolia/transporter" "4.10.5"

"@algolia/client-personalization@4.10.5":
  "integrity" "sha512-nH+IyFKBi8tCyzGOanJTbXC5t4dspSovX3+ABfmwKWUYllYzmiQNFUadpb3qo+MLA3jFx5IwBesjneN6dD5o3w=="
  "resolved" "https://registry.npmjs.org/@algolia/client-personalization/-/client-personalization-4.10.5.tgz"
  "version" "4.10.5"
  dependencies:
    "@algolia/client-common" "4.10.5"
    "@algolia/requester-common" "4.10.5"
    "@algolia/transporter" "4.10.5"

"@algolia/client-search@4.10.5":
  "integrity" "sha512-1eQFMz9uodrc5OM+9HeT+hHcfR1E1AsgFWXwyJ9Q3xejA2c1c4eObGgOgC9ZoshuHHdptaTN1m3rexqAxXRDBg=="
  "resolved" "https://registry.npmjs.org/@algolia/client-search/-/client-search-4.10.5.tgz"
  "version" "4.10.5"
  dependencies:
    "@algolia/client-common" "4.10.5"
    "@algolia/requester-common" "4.10.5"
    "@algolia/transporter" "4.10.5"

"@algolia/logger-common@4.10.5":
  "integrity" "sha512-gRJo9zt1UYP4k3woEmZm4iuEBIQd/FrArIsjzsL/b+ihNoOqIxZKTSuGFU4UUZOEhvmxDReiA4gzvQXG+TMTmA=="
  "resolved" "https://registry.npmjs.org/@algolia/logger-common/-/logger-common-4.10.5.tgz"
  "version" "4.10.5"

"@algolia/logger-console@4.10.5":
  "integrity" "sha512-4WfIbn4253EDU12u9UiYvz+QTvAXDv39mKNg9xSoMCjKE5szcQxfcSczw2byc6pYhahOJ9PmxPBfs1doqsdTKQ=="
  "resolved" "https://registry.npmjs.org/@algolia/logger-console/-/logger-console-4.10.5.tgz"
  "version" "4.10.5"
  dependencies:
    "@algolia/logger-common" "4.10.5"

"@algolia/requester-browser-xhr@4.10.5":
  "integrity" "sha512-53/MURQEqtK+bGdfq4ITSPwTh5hnADU99qzvpAINGQveUFNSFGERipJxHjTJjIrjFz3vxj5kKwjtxDnU6ygO9g=="
  "resolved" "https://registry.npmjs.org/@algolia/requester-browser-xhr/-/requester-browser-xhr-4.10.5.tgz"
  "version" "4.10.5"
  dependencies:
    "@algolia/requester-common" "4.10.5"

"@algolia/requester-common@4.10.5":
  "integrity" "sha512-UkVa1Oyuj6NPiAEt5ZvrbVopEv1m/mKqjs40KLB+dvfZnNcj+9Fry4Oxnt15HMy/HLORXsx4UwcthAvBuOXE9Q=="
  "resolved" "https://registry.npmjs.org/@algolia/requester-common/-/requester-common-4.10.5.tgz"
  "version" "4.10.5"

"@algolia/requester-node-http@4.10.5":
  "integrity" "sha512-aNEKVKXL4fiiC+bS7yJwAHdxln81ieBwY3tsMCtM4zF9f5KwCzY2OtN4WKEZa5AAADVcghSAUdyjs4AcGUlO5w=="
  "resolved" "https://registry.npmjs.org/@algolia/requester-node-http/-/requester-node-http-4.10.5.tgz"
  "version" "4.10.5"
  dependencies:
    "@algolia/requester-common" "4.10.5"

"@algolia/transporter@4.10.5":
  "integrity" "sha512-F8DLkmIlvCoMwSCZA3FKHtmdjH3o5clbt0pi2ktFStVNpC6ZDmY307HcK619bKP5xW6h8sVJhcvrLB775D2cyA=="
  "resolved" "https://registry.npmjs.org/@algolia/transporter/-/transporter-4.10.5.tgz"
  "version" "4.10.5"
  dependencies:
    "@algolia/cache-common" "4.10.5"
    "@algolia/logger-common" "4.10.5"
    "@algolia/requester-common" "4.10.5"

"@babel/parser@^7.15.0":
  "integrity" "sha512-rycZXvQ+xS9QyIcJ9HXeDWf1uxqlbVFAUq0Rq0dbc50Zb/+wUe/ehyfzGfm9KZZF0kBejYgxltBXocP+gKdL2g=="
  "resolved" "https://registry.npmjs.org/@babel/parser/-/parser-7.15.7.tgz"
  "version" "7.15.7"

"@docsearch/css@^1.0.0-alpha.28":
  "integrity" "sha512-1AhRzVdAkrWwhaxTX6/R7SnFHz8yLz1W8I/AldlTrfbNvZs9INk1FZiEFTJdgHaP68nhgQNWSGlQiDiI3y2RYg=="
  "resolved" "https://registry.npmjs.org/@docsearch/css/-/css-1.0.0-alpha.28.tgz"
  "version" "1.0.0-alpha.28"

"@docsearch/js@^1.0.0-alpha.28":
  "integrity" "sha512-2g7aPhBy7FoEyeZW2G3LYHWVa8CFvqyozEz8PXt3hyywdFcmEIqmoCRwn8kboVftrOKCjtPcuLCewsaBoB3uiw=="
  "resolved" "https://registry.npmjs.org/@docsearch/js/-/js-1.0.0-alpha.28.tgz"
  "version" "1.0.0-alpha.28"
  dependencies:
    "@docsearch/react" "^1.0.0-alpha.28"
    "preact" "^10.0.0"

"@docsearch/react@^1.0.0-alpha.28":
  "integrity" "sha512-XjJOnCBXn+UZmtuDmgzlVIHnnvh6yHVwG4aFq8AXN6xJEIX3f180FvGaowFWAxgdtHplJxFGux0Xx4piHqBzIw=="
  "resolved" "https://registry.npmjs.org/@docsearch/react/-/react-1.0.0-alpha.28.tgz"
  "version" "1.0.0-alpha.28"
  dependencies:
    "@docsearch/css" "^1.0.0-alpha.28"
    "@francoischalifour/autocomplete-core" "^1.0.0-alpha.28"
    "@francoischalifour/autocomplete-preset-algolia" "^1.0.0-alpha.28"
    "algoliasearch" "^4.0.0"

"@francoischalifour/autocomplete-core@^1.0.0-alpha.28":
  "integrity" "sha512-rL9x+72btViw+9icfBKUJjZj87FgjFrD2esuTUqtj4RAX3s4AuVZiN8XEsfjQBSc6qJk31cxlvqZHC/BIyYXgg=="
  "resolved" "https://registry.npmjs.org/@francoischalifour/autocomplete-core/-/autocomplete-core-1.0.0-alpha.28.tgz"
  "version" "1.0.0-alpha.28"

"@francoischalifour/autocomplete-preset-algolia@^1.0.0-alpha.28":
  "integrity" "sha512-bprfNmYt1opFUFEtD2XfY/kEsm13bzHQgU80uMjhuK0DJ914IjolT1GytpkdM6tJ4MBvyiJPP+bTtWO+BZ7c7w=="
  "resolved" "https://registry.npmjs.org/@francoischalifour/autocomplete-preset-algolia/-/autocomplete-preset-algolia-1.0.0-alpha.28.tgz"
  "version" "1.0.0-alpha.28"

"@vitejs/plugin-vue@^1.9.0":
  "integrity" "sha512-TQB87f8baZsTZO/g7Az/dTCwV8eDxwkrP8hMl8HpwLJz/NKvmXtBqa7bYg8GKWNwqjy+pBRLdgiML+BI3HphOw=="
  "resolved" "https://registry.npmjs.org/@vitejs/plugin-vue/-/plugin-vue-1.9.0.tgz"
  "version" "1.9.0"

"@vue/compiler-core@3.2.14":
  "version" "3.2.14"
  dependencies:
    "@babel/parser" "^7.15.0"
    "@vue/shared" "3.2.14"
    "estree-walker" "^2.0.2"
    "source-map" "^0.6.1"

"@vue/compiler-dom@3.2.14":
  "version" "3.2.14"
  dependencies:
    "@vue/compiler-core" "3.2.14"
    "@vue/shared" "3.2.14"

"@vue/compiler-sfc@3.2.14":
  "version" "3.2.14"
  dependencies:
    "@babel/parser" "^7.15.0"
    "@vue/compiler-core" "3.2.14"
    "@vue/compiler-dom" "3.2.14"
    "@vue/compiler-ssr" "3.2.14"
    "@vue/ref-transform" "3.2.14"
    "@vue/shared" "3.2.14"
    "estree-walker" "^2.0.2"
    "magic-string" "^0.25.7"
    "postcss" "^8.1.10"
    "source-map" "^0.6.1"

"@vue/compiler-ssr@3.2.14":
  "version" "3.2.14"
  dependencies:
    "@vue/compiler-dom" "3.2.14"
    "@vue/shared" "3.2.14"

"@vue/reactivity@3.2.14":
  "version" "3.2.14"
  dependencies:
    "@vue/shared" "3.2.14"

"@vue/ref-transform@3.2.14":
  "version" "3.2.14"
  dependencies:
    "@babel/parser" "^7.15.0"
    "@vue/compiler-core" "3.2.14"
    "@vue/shared" "3.2.14"
    "estree-walker" "^2.0.2"
    "magic-string" "^0.25.7"

"@vue/runtime-core@3.2.14":
  "version" "3.2.14"
  dependencies:
    "@vue/reactivity" "3.2.14"
    "@vue/shared" "3.2.14"

"@vue/runtime-dom@3.2.14":
  "version" "3.2.14"
  dependencies:
    "@vue/runtime-core" "3.2.14"
    "@vue/shared" "3.2.14"
    "csstype" "^2.6.8"

"@vue/server-renderer@3.2.14":
  "version" "3.2.14"
  dependencies:
    "@vue/compiler-ssr" "3.2.14"
    "@vue/shared" "3.2.14"

"@vue/shared@3.2.14":
  "version" "3.2.14"

"algoliasearch@^4.0.0":
  "integrity" "sha512-KmH2XkiN+8FxhND4nWFbQDkIoU6g2OjfeU9kIv4Lb+EiOOs3Gpp7jvd+JnatsCisAZsnWQdjd7zVlW7I/85QvQ=="
  "resolved" "https://registry.npmjs.org/algoliasearch/-/algoliasearch-4.10.5.tgz"
  "version" "4.10.5"
  dependencies:
    "@algolia/cache-browser-local-storage" "4.10.5"
    "@algolia/cache-common" "4.10.5"
    "@algolia/cache-in-memory" "4.10.5"
    "@algolia/client-account" "4.10.5"
    "@algolia/client-analytics" "4.10.5"
    "@algolia/client-common" "4.10.5"
    "@algolia/client-personalization" "4.10.5"
    "@algolia/client-search" "4.10.5"
    "@algolia/logger-common" "4.10.5"
    "@algolia/logger-console" "4.10.5"
    "@algolia/requester-browser-xhr" "4.10.5"
    "@algolia/requester-common" "4.10.5"
    "@algolia/requester-node-http" "4.10.5"
    "@algolia/transporter" "4.10.5"

"csstype@^2.6.8":
  "integrity" "sha512-RSU6Hyeg14am3Ah4VZEmeX8H7kLwEEirXe6aU2IPfKNvhXwTflK5HQRDNI0ypQXoqmm+QPyG2IaPuQE5zMwSIQ=="
  "resolved" "https://registry.npmjs.org/csstype/-/csstype-2.6.18.tgz"
  "version" "2.6.18"

"esbuild@^0.12.17":
  "integrity" "sha512-w/XuoBCSwepyiZtIRsKsetiLDUVGPVw1E/R3VTFSecIy8UR7Cq3SOtwKHJMFoVqqVG36aGkzh4e8BvpO1Fdc7g=="
  "resolved" "https://registry.npmjs.org/esbuild/-/esbuild-0.12.29.tgz"
  "version" "0.12.29"

"estree-walker@^2.0.2":
  "integrity" "sha512-Rfkk/Mp/DL7JVje3u18FxFujQlTNR2q6QfMSMB7AvCBx91NGj/ba3kCfza0f6dVDbw7YlRf/nDrn7pQrCCyQ/w=="
  "resolved" "https://registry.npmjs.org/estree-walker/-/estree-walker-2.0.2.tgz"
  "version" "2.0.2"

"fsevents@~2.3.2":
  "integrity" "sha512-xiqMQR4xAeHTuB9uWm+fFRcIOgKBMiOBP+eXiyT7jsgVCq1bkVygt00oASowB7EdtpOHaaPgKt812P9ab+DDKA=="
  "resolved" "https://registry.npmjs.org/fsevents/-/fsevents-2.3.2.tgz"
  "version" "2.3.2"

"function-bind@^1.1.1":
  "integrity" "sha512-yIovAzMX49sF8Yl58fSCWJ5svSLuaibPxXQJFLmBObTuCr0Mf1KiPopGM9NiFjiYBCbfaa2Fh6breQ6ANVTI0A=="
  "resolved" "https://registry.npmjs.org/function-bind/-/function-bind-1.1.1.tgz"
  "version" "1.1.1"

"has@^1.0.3":
  "integrity" "sha512-f2dvO0VU6Oej7RkWJGrehjbzMAjFp5/VKPp5tTpWIV4JHHZK1/BxbFRtf/siA2SWTe09caDmVtYYzWEIbBS4zw=="
  "resolved" "https://registry.npmjs.org/has/-/has-1.0.3.tgz"
  "version" "1.0.3"
  dependencies:
    "function-bind" "^1.1.1"

"is-core-module@^2.2.0":
  "integrity" "sha512-wShG8vs60jKfPWpF2KZRaAtvt3a20OAn7+IJ6hLPECpSABLcKtFKTTI4ZtH5QcBruBHlq+WsdHWyz0BCZW7svQ=="
  "resolved" "https://registry.npmjs.org/is-core-module/-/is-core-module-2.6.0.tgz"
  "version" "2.6.0"
  dependencies:
    "has" "^1.0.3"

"magic-string@^0.25.7":
  "integrity" "sha512-4CrMT5DOHTDk4HYDlzmwu4FVCcIYI8gauveasrdCu2IKIFOJ3f0v/8MDGJCDL9oD2ppz/Av1b0Nj345H9M+XIA=="
  "resolved" "https://registry.npmjs.org/magic-string/-/magic-string-0.25.7.tgz"
  "version" "0.25.7"
  dependencies:
    "sourcemap-codec" "^1.4.4"

"nanocolors@^0.1.5":
  "integrity" "sha512-2nMHqg1x5PU+unxX7PGY7AuYxl2qDx7PSrTRjizr8sxdd3l/3hBuWWaki62qmtYm2U5i4Z5E7GbjlyDFhs9/EQ=="
  "resolved" "https://registry.npmjs.org/nanocolors/-/nanocolors-0.1.12.tgz"
  "version" "0.1.12"

"nanoid@^3.1.25":
  "integrity" "sha512-rdwtIXaXCLFAQbnfqDRnI6jaRHp9fTcYBjtFKE8eezcZ7LuLjhUaQGNeMXf1HmRoCH32CLz6XwX0TtxEOS/A3Q=="
  "resolved" "https://registry.npmjs.org/nanoid/-/nanoid-3.1.25.tgz"
  "version" "3.1.25"

"path-parse@^1.0.6":
  "integrity" "sha512-LDJzPVEEEPR+y48z93A0Ed0yXb8pAByGWo/k5YYdYgpY2/2EsOsksJrq7lOHxryrVOn1ejG6oAp8ahvOIQD8sw=="
  "resolved" "https://registry.npmjs.org/path-parse/-/path-parse-1.0.7.tgz"
  "version" "1.0.7"

"postcss@^8.1.10", "postcss@^8.3.6":
  "integrity" "sha512-9SaY7nnyQ63/WittqZYAvkkYPyKxchMKH71UDzeTmWuLSvxTRpeEeABZAzlCi55cuGcoFyoV/amX2BdsafQidQ=="
  "resolved" "https://registry.npmjs.org/postcss/-/postcss-8.3.7.tgz"
  "version" "8.3.7"
  dependencies:
    "nanocolors" "^0.1.5"
    "nanoid" "^3.1.25"
    "source-map-js" "^0.6.2"

"preact@^10.0.0":
  "integrity" "sha512-KojoltCrshZ099ksUZ2OQKfbH66uquFoxHSbnwKbTJHeQNvx42EmC7wQVWNuDt6vC5s3nudRHFtKbpY4ijKlaQ=="
  "resolved" "https://registry.npmjs.org/preact/-/preact-10.5.14.tgz"
  "version" "10.5.14"

"prismjs@^1.23.0":
  "integrity" "sha512-WCjJHl1KEWbnkQom1+SzftbtXMKQoezOCYs5rECqMN+jP+apI7ftoflyqigqzopSO3hMhTEb0mFClA8lkolgEg=="
  "resolved" "https://registry.npmjs.org/prismjs/-/prismjs-1.25.0.tgz"
  "version" "1.25.0"

"resolve@^1.20.0":
  "integrity" "sha512-wENBPt4ySzg4ybFQW2TT1zMQucPK95HSh/nq2CFTZVOGut2+pQvSsgtda4d26YrYcr067wjbmzOG8byDPBX63A=="
  "resolved" "https://registry.npmjs.org/resolve/-/resolve-1.20.0.tgz"
  "version" "1.20.0"
  dependencies:
    "is-core-module" "^2.2.0"
    "path-parse" "^1.0.6"

"rollup@^2.38.5":
  "integrity" "sha512-bKQIh1rWKofRee6mv8SrF2HdP6pea5QkwBZSMImJysFj39gQuiV8MEPBjXOCpzk3wSYp63M2v2wkWBmFC8O/rg=="
  "resolved" "https://registry.npmjs.org/rollup/-/rollup-2.57.0.tgz"
  "version" "2.57.0"
  optionalDependencies:
    "fsevents" "~2.3.2"

"source-map-js@^0.6.2":
  "integrity" "sha512-/3GptzWzu0+0MBQFrDKzw/DvvMTUORvgY6k6jd/VS6iCR4RDTKWH6v6WPwQoUO8667uQEf9Oe38DxAYWY5F/Ug=="
  "resolved" "https://registry.npmjs.org/source-map-js/-/source-map-js-0.6.2.tgz"
  "version" "0.6.2"

"source-map@^0.6.1":
  "integrity" "sha512-UjgapumWlbMhkBgzT7Ykc5YXUT46F0iKu8SGXq0bcwP5dz/h0Plj6enJqjz1Zbq2l5WaqYnrVbwWOWMyF3F47g=="
  "resolved" "https://registry.npmjs.org/source-map/-/source-map-0.6.1.tgz"
  "version" "0.6.1"

"sourcemap-codec@^1.4.4":
  "integrity" "sha512-9NykojV5Uih4lgo5So5dtw+f0JgJX30KCNI8gwhz2J9A15wD0Ml6tjHKwf6fTSa6fAdVBdZeNOs9eJ71qCk8vA=="
  "resolved" "https://registry.npmjs.org/sourcemap-codec/-/sourcemap-codec-1.4.8.tgz"
  "version" "1.4.8"

"vite@^2.5.0", "vite@^2.5.10":
  "integrity" "sha512-0ObiHTi5AHyXdJcvZ67HMsDgVpjT5RehvVKv6+Q0jFZ7zDI28PF5zK9mYz2avxdA+4iJMdwCz6wnGNnn4WX5Gg=="
  "resolved" "https://registry.npmjs.org/vite/-/vite-2.5.10.tgz"
  "version" "2.5.10"
  dependencies:
    "esbuild" "^0.12.17"
    "postcss" "^8.3.6"
    "resolve" "^1.20.0"
    "rollup" "^2.38.5"
  optionalDependencies:
    "fsevents" "~2.3.2"

"vitepress@^0.19.1":
  "integrity" "sha512-+tC2xy4r6zcYlUypyJPIsQd3lhNtomNUMo9r5JD+A721sb686lxmlsYrYYKf2vZ9DWUQ3T091u3tET7vJnZwjw=="
  "resolved" "https://registry.npmjs.org/vitepress/-/vitepress-0.19.1.tgz"
  "version" "0.19.1"
  dependencies:
    "@docsearch/css" "^1.0.0-alpha.28"
    "@docsearch/js" "^1.0.0-alpha.28"
    "@vitejs/plugin-vue" "^1.9.0"
    "prismjs" "^1.23.0"
    "vite" "^2.5.0"
    "vue" "^3.2.13"

"vue@^3.2.13", "vue@3.2.14":
  "version" "3.2.14"
  dependencies:
    "@vue/compiler-dom" "3.2.14"
    "@vue/compiler-sfc" "3.2.14"
    "@vue/runtime-dom" "3.2.14"
    "@vue/server-renderer" "3.2.14"
    "@vue/shared" "3.2.14"
